
Microsoft Visual Studio Solution File, Format Version 12.00
# Visual Studio Version 17
VisualStudioVersion = 17.14.36408.4 d17.14
MinimumVisualStudioVersion = 10.0.40219.1
Project("{FAE04EC0-301F-11D3-BF4B-00C04F79EFBC}") = "GameProgramming_TextBasedRPG_FirstPlayable_GabeRyan", "GameProgramming_TextBasedRPG_FirstPlayable_GabeRyan\GameProgramming_TextBasedRPG_FirstPlayable_GabeRyan.csproj", "{8C870095-A745-4E63-A699-8879FEC5298D}"
EndProject
Global
	GlobalSection(SolutionConfigurationPlatforms) = preSolution
		Debug|Any CPU = Debug|Any CPU
		Release|Any CPU = Release|Any CPU
	EndGlobalSection
	GlobalSection(ProjectConfigurationPlatforms) = postSolution
		{8C870095-A745-4E63-A699-8879FEC5298D}.Debug|Any CPU.ActiveCfg = Debug|Any CPU
		{8C870095-A745-4E63-A699-8879FEC5298D}.Debug|Any CPU.Build.0 = Debug|Any CPU
		{8C870095-A745-4E63-A699-8879FEC5298D}.Release|Any CPU.ActiveCfg = Release|Any CPU
		{8C870095-A745-4E63-A699-8879FEC5298D}.Release|Any CPU.Build.0 = Release|Any CPU
	EndGlobalSection
	GlobalSection(SolutionProperties) = preSolution
		HideSolutionNode = FALSE
	EndGlobalSection
	GlobalSection(ExtensibilityGlobals) = postSolution
		SolutionGuid = {248276EE-843B-48AD-A2ED-D5B3D9655CF0}
	EndGlobalSection
EndGlobal
